// !$*UTF8*$!
{
	archiveVersion = 1;
	classes = {
	};
	objectVersion = 46;
	objects = {

/* Begin PBXBuildFile section */
		68527C6D1AA71F7400F9B984 /* ImageDownloadClient.m in Sources */ = {isa = PBXBuildFile; fileRef = 68527C6C1AA71F7400F9B984 /* ImageDownloadClient.m */; };
		68527C6F1AA7213000F9B984 /* CoreGraphics.framework in Frameworks */ = {isa = PBXBuildFile; fileRef = 68527C6E1AA7213000F9B984 /* CoreGraphics.framework */; };
		68527C711AA7226400F9B984 /* UIKit.framework in Frameworks */ = {isa = PBXBuildFile; fileRef = 68527C701AA7226400F9B984 /* UIKit.framework */; };
		68527C731AA7226E00F9B984 /* Foundation.framework in Frameworks */ = {isa = PBXBuildFile; fileRef = 68527C721AA7226E00F9B984 /* Foundation.framework */; };
		A25E94A61AA5ADCC008749A6 /* main.m in Sources */ = {isa = PBXBuildFile; fileRef = A25E94A51AA5ADCC008749A6 /* main.m */; };
		A25E94A91AA5ADCC008749A6 /* AppDelegate.m in Sources */ = {isa = PBXBuildFile; fileRef = A25E94A81AA5ADCC008749A6 /* AppDelegate.m */; settings = {COMPILER_FLAGS = "-fno-objc-arc"; }; };
		A25E94B11AA5ADCC008749A6 /* Images.xcassets in Resources */ = {isa = PBXBuildFile; fileRef = A25E94B01AA5ADCC008749A6 /* Images.xcassets */; };
		A25E94B41AA5ADCC008749A6 /* LaunchScreen.xib in Resources */ = {isa = PBXBuildFile; fileRef = A25E94B21AA5ADCC008749A6 /* LaunchScreen.xib */; };
		A25E94C01AA5ADCC008749A6 /* TelstraExerciseTests.m in Sources */ = {isa = PBXBuildFile; fileRef = A25E94BF1AA5ADCC008749A6 /* TelstraExerciseTests.m */; };
		A25E94F81AA5AE92008749A6 /* OverViewModel.m in Sources */ = {isa = PBXBuildFile; fileRef = A25E94CA1AA5AE92008749A6 /* OverViewModel.m */; settings = {COMPILER_FLAGS = "-fno-objc-arc"; }; };
		A25E94F91AA5AE92008749A6 /* Feeds.m in Sources */ = {isa = PBXBuildFile; fileRef = A25E94CC1AA5AE92008749A6 /* Feeds.m */; settings = {COMPILER_FLAGS = "-fno-objc-arc"; }; };
		A25E94FA1AA5AE92008749A6 /* JsonTableViewCell.m in Sources */ = {isa = PBXBuildFile; fileRef = A25E94CE1AA5AE92008749A6 /* JsonTableViewCell.m */; settings = {COMPILER_FLAGS = "-fno-objc-arc"; }; };
		A25E94FB1AA5AE92008749A6 /* DropBoxContentViewController.m in Sources */ = {isa = PBXBuildFile; fileRef = A25E94CF1AA5AE92008749A6 /* DropBoxContentViewController.m */; settings = {COMPILER_FLAGS = "-fno-objc-arc"; }; };
		A25E94FC1AA5AE92008749A6 /* placeholder@2x.png in Resources */ = {isa = PBXBuildFile; fileRef = A25E94D11AA5AE92008749A6 /* placeholder@2x.png */; };
		A25E950F1AA5AEC5008749A6 /* MobileCoreServices.framework in Frameworks */ = {isa = PBXBuildFile; fileRef = A25E950E1AA5AEC5008749A6 /* MobileCoreServices.framework */; };
		A25E95111AA5AECB008749A6 /* CFNetwork.framework in Frameworks */ = {isa = PBXBuildFile; fileRef = A25E95101AA5AECB008749A6 /* CFNetwork.framework */; };
		A25E95131AA5AED0008749A6 /* Security.framework in Frameworks */ = {isa = PBXBuildFile; fileRef = A25E95121AA5AED0008749A6 /* Security.framework */; };
		A25E95151AA5AEE3008749A6 /* SystemConfiguration.framework in Frameworks */ = {isa = PBXBuildFile; fileRef = A25E95141AA5AEE3008749A6 /* SystemConfiguration.framework */; };
/* End PBXBuildFile section */

/* Begin PBXContainerItemProxy section */
		A25E94BA1AA5ADCC008749A6 /* PBXContainerItemProxy */ = {
			isa = PBXContainerItemProxy;
			containerPortal = A25E94981AA5ADCC008749A6 /* Project object */;
			proxyType = 1;
			remoteGlobalIDString = A25E949F1AA5ADCC008749A6;
			remoteInfo = TelstraExercise;
		};
/* End PBXContainerItemProxy section */

/* Begin PBXFileReference section */
		68527C6B1AA71F7400F9B984 /* ImageDownloadClient.h */ = {isa = PBXFileReference; fileEncoding = 4; lastKnownFileType = sourcecode.c.h; path = ImageDownloadClient.h; sourceTree = "<group>"; };
		68527C6C1AA71F7400F9B984 /* ImageDownloadClient.m */ = {isa = PBXFileReference; fileEncoding = 4; lastKnownFileType = sourcecode.c.objc; path = ImageDownloadClient.m; sourceTree = "<group>"; };
		68527C6E1AA7213000F9B984 /* CoreGraphics.framework */ = {isa = PBXFileReference; lastKnownFileType = wrapper.framework; name = CoreGraphics.framework; path = System/Library/Frameworks/CoreGraphics.framework; sourceTree = SDKROOT; };
		68527C701AA7226400F9B984 /* UIKit.framework */ = {isa = PBXFileReference; lastKnownFileType = wrapper.framework; name = UIKit.framework; path = System/Library/Frameworks/UIKit.framework; sourceTree = SDKROOT; };
		68527C721AA7226E00F9B984 /* Foundation.framework */ = {isa = PBXFileReference; lastKnownFileType = wrapper.framework; name = Foundation.framework; path = System/Library/Frameworks/Foundation.framework; sourceTree = SDKROOT; };
		A25E94A01AA5ADCC008749A6 /* TelstraExercise.app */ = {isa = PBXFileReference; explicitFileType = wrapper.application; includeInIndex = 0; path = TelstraExercise.app; sourceTree = BUILT_PRODUCTS_DIR; };
		A25E94A41AA5ADCC008749A6 /* Info.plist */ = {isa = PBXFileReference; lastKnownFileType = text.plist.xml; path = Info.plist; sourceTree = "<group>"; };
		A25E94A51AA5ADCC008749A6 /* main.m */ = {isa = PBXFileReference; lastKnownFileType = sourcecode.c.objc; path = main.m; sourceTree = "<group>"; };
		A25E94A71AA5ADCC008749A6 /* AppDelegate.h */ = {isa = PBXFileReference; lastKnownFileType = sourcecode.c.h; path = AppDelegate.h; sourceTree = "<group>"; };
		A25E94A81AA5ADCC008749A6 /* AppDelegate.m */ = {isa = PBXFileReference; lastKnownFileType = sourcecode.c.objc; path = AppDelegate.m; sourceTree = "<group>"; };
		A25E94B01AA5ADCC008749A6 /* Images.xcassets */ = {isa = PBXFileReference; lastKnownFileType = folder.assetcatalog; path = Images.xcassets; sourceTree = "<group>"; };
		A25E94B31AA5ADCC008749A6 /* Base */ = {isa = PBXFileReference; lastKnownFileType = file.xib; name = Base; path = Base.lproj/LaunchScreen.xib; sourceTree = "<group>"; };
		A25E94B91AA5ADCC008749A6 /* TelstraExerciseTests.xctest */ = {isa = PBXFileReference; explicitFileType = wrapper.cfbundle; includeInIndex = 0; path = TelstraExerciseTests.xctest; sourceTree = BUILT_PRODUCTS_DIR; };
		A25E94BE1AA5ADCC008749A6 /* Info.plist */ = {isa = PBXFileReference; lastKnownFileType = text.plist.xml; path = Info.plist; sourceTree = "<group>"; };
		A25E94BF1AA5ADCC008749A6 /* TelstraExerciseTests.m */ = {isa = PBXFileReference; lastKnownFileType = sourcecode.c.objc; path = TelstraExerciseTests.m; sourceTree = "<group>"; };
		A25E94C91AA5AE92008749A6 /* JsonTableViewCell.h */ = {isa = PBXFileReference; fileEncoding = 4; lastKnownFileType = sourcecode.c.h; path = JsonTableViewCell.h; sourceTree = "<group>"; };
		A25E94CA1AA5AE92008749A6 /* OverViewModel.m */ = {isa = PBXFileReference; fileEncoding = 4; lastKnownFileType = sourcecode.c.objc; path = OverViewModel.m; sourceTree = "<group>"; };
		A25E94CB1AA5AE92008749A6 /* OverViewModel.h */ = {isa = PBXFileReference; fileEncoding = 4; lastKnownFileType = sourcecode.c.h; path = OverViewModel.h; sourceTree = "<group>"; };
		A25E94CC1AA5AE92008749A6 /* Feeds.m */ = {isa = PBXFileReference; fileEncoding = 4; lastKnownFileType = sourcecode.c.objc; path = Feeds.m; sourceTree = "<group>"; };
		A25E94CD1AA5AE92008749A6 /* Feeds.h */ = {isa = PBXFileReference; fileEncoding = 4; lastKnownFileType = sourcecode.c.h; path = Feeds.h; sourceTree = "<group>"; };
		A25E94CE1AA5AE92008749A6 /* JsonTableViewCell.m */ = {isa = PBXFileReference; fileEncoding = 4; lastKnownFileType = sourcecode.c.objc; path = JsonTableViewCell.m; sourceTree = "<group>"; };
		A25E94CF1AA5AE92008749A6 /* DropBoxContentViewController.m */ = {isa = PBXFileReference; fileEncoding = 4; lastKnownFileType = sourcecode.c.objc; path = DropBoxContentViewController.m; sourceTree = "<group>"; };
		A25E94D01AA5AE92008749A6 /* DropBoxContentViewController.h */ = {isa = PBXFileReference; fileEncoding = 4; lastKnownFileType = sourcecode.c.h; path = DropBoxContentViewController.h; sourceTree = "<group>"; };
		A25E94D11AA5AE92008749A6 /* placeholder@2x.png */ = {isa = PBXFileReference; lastKnownFileType = image.png; path = "placeholder@2x.png"; sourceTree = "<group>"; };
		A25E950E1AA5AEC5008749A6 /* MobileCoreServices.framework */ = {isa = PBXFileReference; lastKnownFileType = wrapper.framework; name = MobileCoreServices.framework; path = System/Library/Frameworks/MobileCoreServices.framework; sourceTree = SDKROOT; };
		A25E95101AA5AECB008749A6 /* CFNetwork.framework */ = {isa = PBXFileReference; lastKnownFileType = wrapper.framework; name = CFNetwork.framework; path = System/Library/Frameworks/CFNetwork.framework; sourceTree = SDKROOT; };
		A25E95121AA5AED0008749A6 /* Security.framework */ = {isa = PBXFileReference; lastKnownFileType = wrapper.framework; name = Security.framework; path = System/Library/Frameworks/Security.framework; sourceTree = SDKROOT; };
		A25E95141AA5AEE3008749A6 /* SystemConfiguration.framework */ = {isa = PBXFileReference; lastKnownFileType = wrapper.framework; name = SystemConfiguration.framework; path = System/Library/Frameworks/SystemConfiguration.framework; sourceTree = SDKROOT; };
/* End PBXFileReference section */

/* Begin PBXFrameworksBuildPhase section */
		A25E949D1AA5ADCC008749A6 /* Frameworks */ = {
			isa = PBXFrameworksBuildPhase;
			buildActionMask = 2147483647;
			files = (
				68527C731AA7226E00F9B984 /* Foundation.framework in Frameworks */,
				68527C711AA7226400F9B984 /* UIKit.framework in Frameworks */,
				68527C6F1AA7213000F9B984 /* CoreGraphics.framework in Frameworks */,
				A25E95151AA5AEE3008749A6 /* SystemConfiguration.framework in Frameworks */,
				A25E95131AA5AED0008749A6 /* Security.framework in Frameworks */,
				A25E95111AA5AECB008749A6 /* CFNetwork.framework in Frameworks */,
				A25E950F1AA5AEC5008749A6 /* MobileCoreServices.framework in Frameworks */,
			);
			runOnlyForDeploymentPostprocessing = 0;
		};
		A25E94B61AA5ADCC008749A6 /* Frameworks */ = {
			isa = PBXFrameworksBuildPhase;
			buildActionMask = 2147483647;
			files = (
			);
			runOnlyForDeploymentPostprocessing = 0;
		};
/* End PBXFrameworksBuildPhase section */

/* Begin PBXGroup section */
		A25E94971AA5ADCC008749A6 = {
			isa = PBXGroup;
			children = (
				A25E94A21AA5ADCC008749A6 /* TelstraExercise */,
				A25E94BC1AA5ADCC008749A6 /* TelstraExerciseTests */,
				A25E94A11AA5ADCC008749A6 /* Products */,
			);
			sourceTree = "<group>";
		};
		A25E94A11AA5ADCC008749A6 /* Products */ = {
			isa = PBXGroup;
			children = (
				A25E94A01AA5ADCC008749A6 /* TelstraExercise.app */,
				A25E94B91AA5ADCC008749A6 /* TelstraExerciseTests.xctest */,
			);
			name = Products;
			sourceTree = "<group>";
		};
		A25E94A21AA5ADCC008749A6 /* TelstraExercise */ = {
			isa = PBXGroup;
			children = (
				A25E94A71AA5ADCC008749A6 /* AppDelegate.h */,
				A25E94A81AA5ADCC008749A6 /* AppDelegate.m */,
				A25E95191AA5B095008749A6 /* Controller */,
				A25E95181AA5B079008749A6 /* LazyLoading */,
				A25E95171AA5B061008749A6 /* Data */,
				A25E95161AA5B04E008749A6 /* UI */,
				A25E94B01AA5ADCC008749A6 /* Images.xcassets */,
				A25E94B21AA5ADCC008749A6 /* LaunchScreen.xib */,
				A25E94A31AA5ADCC008749A6 /* Supporting Files */,
			);
			path = TelstraExercise;
			sourceTree = "<group>";
		};
		A25E94A31AA5ADCC008749A6 /* Supporting Files */ = {
			isa = PBXGroup;
			children = (
				68527C721AA7226E00F9B984 /* Foundation.framework */,
				68527C701AA7226400F9B984 /* UIKit.framework */,
				68527C6E1AA7213000F9B984 /* CoreGraphics.framework */,
				A25E94D11AA5AE92008749A6 /* placeholder@2x.png */,
				A25E95141AA5AEE3008749A6 /* SystemConfiguration.framework */,
				A25E95121AA5AED0008749A6 /* Security.framework */,
				A25E95101AA5AECB008749A6 /* CFNetwork.framework */,
				A25E950E1AA5AEC5008749A6 /* MobileCoreServices.framework */,
				A25E94A41AA5ADCC008749A6 /* Info.plist */,
				A25E94A51AA5ADCC008749A6 /* main.m */,
			);
			name = "Supporting Files";
			sourceTree = "<group>";
		};
		A25E94BC1AA5ADCC008749A6 /* TelstraExerciseTests */ = {
			isa = PBXGroup;
			children = (
				A25E94BF1AA5ADCC008749A6 /* TelstraExerciseTests.m */,
				A25E94BD1AA5ADCC008749A6 /* Supporting Files */,
			);
			path = TelstraExerciseTests;
			sourceTree = "<group>";
		};
		A25E94BD1AA5ADCC008749A6 /* Supporting Files */ = {
			isa = PBXGroup;
			children = (
				A25E94BE1AA5ADCC008749A6 /* Info.plist */,
			);
			name = "Supporting Files";
			sourceTree = "<group>";
		};
		A25E95161AA5B04E008749A6 /* UI */ = {
			isa = PBXGroup;
			children = (
				A25E94C91AA5AE92008749A6 /* JsonTableViewCell.h */,
				A25E94CE1AA5AE92008749A6 /* JsonTableViewCell.m */,
			);
			name = UI;
			sourceTree = "<group>";
		};
		A25E95171AA5B061008749A6 /* Data */ = {
			isa = PBXGroup;
			children = (
				A25E94CB1AA5AE92008749A6 /* OverViewModel.h */,
				A25E94CA1AA5AE92008749A6 /* OverViewModel.m */,
				A25E94CD1AA5AE92008749A6 /* Feeds.h */,
				A25E94CC1AA5AE92008749A6 /* Feeds.m */,
			);
			name = Data;
			sourceTree = "<group>";
		};
		A25E95181AA5B079008749A6 /* LazyLoading */ = {
			isa = PBXGroup;
			children = (
				68527C6B1AA71F7400F9B984 /* ImageDownloadClient.h */,
				68527C6C1AA71F7400F9B984 /* ImageDownloadClient.m */,
			);
			name = LazyLoading;
			sourceTree = "<group>";
		};
		A25E95191AA5B095008749A6 /* Controller */ = {
			isa = PBXGroup;
			children = (
				A25E94CF1AA5AE92008749A6 /* DropBoxContentViewController.m */,
				A25E94D01AA5AE92008749A6 /* DropBoxContentViewController.h */,
			);
			name = Controller;
			sourceTree = "<group>";
		};
/* End PBXGroup section */

/* Begin PBXNativeTarget section */
		A25E949F1AA5ADCC008749A6 /* TelstraExercise */ = {
			isa = PBXNativeTarget;
			buildConfigurationList = A25E94C31AA5ADCC008749A6 /* Build configuration list for PBXNativeTarget "TelstraExercise" */;
			buildPhases = (
				A25E949C1AA5ADCC008749A6 /* Sources */,
				A25E949D1AA5ADCC008749A6 /* Frameworks */,
				A25E949E1AA5ADCC008749A6 /* Resources */,
			);
			buildRules = (
			);
			dependencies = (
			);
			name = TelstraExercise;
			productName = TelstraExercise;
			productReference = A25E94A01AA5ADCC008749A6 /* TelstraExercise.app */;
			productType = "com.apple.product-type.application";
		};
		A25E94B81AA5ADCC008749A6 /* TelstraExerciseTests */ = {
			isa = PBXNativeTarget;
			buildConfigurationList = A25E94C61AA5ADCC008749A6 /* Build configuration list for PBXNativeTarget "TelstraExerciseTests" */;
			buildPhases = (
				A25E94B51AA5ADCC008749A6 /* Sources */,
				A25E94B61AA5ADCC008749A6 /* Frameworks */,
				A25E94B71AA5ADCC008749A6 /* Resources */,
			);
			buildRules = (
			);
			dependencies = (
				A25E94BB1AA5ADCC008749A6 /* PBXTargetDependency */,
			);
			name = TelstraExerciseTests;
			productName = TelstraExerciseTests;
			productReference = A25E94B91AA5ADCC008749A6 /* TelstraExerciseTests.xctest */;
			productType = "com.apple.product-type.bundle.unit-test";
		};
/* End PBXNativeTarget section */

/* Begin PBXProject section */
		A25E94981AA5ADCC008749A6 /* Project object */ = {
			isa = PBXProject;
			attributes = {
				LastUpgradeCheck = 0610;
				ORGANIZATIONNAME = Cognizant;
				TargetAttributes = {
					A25E949F1AA5ADCC008749A6 = {
						CreatedOnToolsVersion = 6.1.1;
					};
					A25E94B81AA5ADCC008749A6 = {
						CreatedOnToolsVersion = 6.1.1;
						TestTargetID = A25E949F1AA5ADCC008749A6;
					};
				};
			};
			buildConfigurationList = A25E949B1AA5ADCC008749A6 /* Build configuration list for PBXProject "TelstraExercise" */;
			compatibilityVersion = "Xcode 3.2";
			developmentRegion = English;
			hasScannedForEncodings = 0;
			knownRegions = (
				en,
				Base,
			);
			mainGroup = A25E94971AA5ADCC008749A6;
			productRefGroup = A25E94A11AA5ADCC008749A6 /* Products */;
			projectDirPath = "";
			projectRoot = "";
			targets = (
				A25E949F1AA5ADCC008749A6 /* TelstraExercise */,
				A25E94B81AA5ADCC008749A6 /* TelstraExerciseTests */,
			);
		};
/* End PBXProject section */

/* Begin PBXResourcesBuildPhase section */
		A25E949E1AA5ADCC008749A6 /* Resources */ = {
			isa = PBXResourcesBuildPhase;
			buildActionMask = 2147483647;
			files = (
				A25E94B41AA5ADCC008749A6 /* LaunchScreen.xib in Resources */,
				A25E94B11AA5ADCC008749A6 /* Images.xcassets in Resources */,
				A25E94FC1AA5AE92008749A6 /* placeholder@2x.png in Resources */,
			);
			runOnlyForDeploymentPostprocessing = 0;
		};
		A25E94B71AA5ADCC008749A6 /* Resources */ = {
			isa = PBXResourcesBuildPhase;
			buildActionMask = 2147483647;
			files = (
			);
			runOnlyForDeploymentPostprocessing = 0;
		};
/* End PBXResourcesBuildPhase section */

/* Begin PBXSourcesBuildPhase section */
		A25E949C1AA5ADCC008749A6 /* Sources */ = {
			isa = PBXSourcesBuildPhase;
			buildActionMask = 2147483647;
			files = (
				A25E94FB1AA5AE92008749A6 /* DropBoxContentViewController.m in Sources */,
				A25E94F91AA5AE92008749A6 /* Feeds.m in Sources */,
				A25E94A91AA5ADCC008749A6 /* AppDelegate.m in Sources */,
				A25E94FA1AA5AE92008749A6 /* JsonTableViewCell.m in Sources */,
				A25E94F81AA5AE92008749A6 /* OverViewModel.m in Sources */,
				68527C6D1AA71F7400F9B984 /* ImageDownloadClient.m in Sources */,
				A25E94A61AA5ADCC008749A6 /* main.m in Sources */,
			);
			runOnlyForDeploymentPostprocessing = 0;
		};
		A25E94B51AA5ADCC008749A6 /* Sources */ = {
			isa = PBXSourcesBuildPhase;
			buildActionMask = 2147483647;
			files = (
				A25E94C01AA5ADCC008749A6 /* TelstraExerciseTests.m in Sources */,
			);
			runOnlyForDeploymentPostprocessing = 0;
		};
/* End PBXSourcesBuildPhase section */

/* Begin PBXTargetDependency section */
		A25E94BB1AA5ADCC008749A6 /* PBXTargetDependency */ = {
			isa = PBXTargetDependency;
			target = A25E949F1AA5ADCC008749A6 /* TelstraExercise */;
			targetProxy = A25E94BA1AA5ADCC008749A6 /* PBXContainerItemProxy */;
		};
/* End PBXTargetDependency section */

/* Begin PBXVariantGroup section */
		A25E94B21AA5ADCC008749A6 /* LaunchScreen.xib */ = {
			isa = PBXVariantGroup;
			children = (
				A25E94B31AA5ADCC008749A6 /* Base */,
			);
			name = LaunchScreen.xib;
			sourceTree = "<group>";
		};
/* End PBXVariantGroup section */

/* Begin XCBuildConfiguration section */
		A25E94C11AA5ADCC008749A6 /* Debug */ = {
			isa = XCBuildConfiguration;
			buildSettings = {
				ALWAYS_SEARCH_USER_PATHS = NO;
				CLANG_CXX_LANGUAGE_STANDARD = "gnu++0x";
				CLANG_CXX_LIBRARY = "libc++";
				CLANG_ENABLE_MODULES = YES;
				CLANG_ENABLE_OBJC_ARC = YES;
				CLANG_WARN_BOOL_CONVERSION = YES;
				CLANG_WARN_CONSTANT_CONVERSION = YES;
				CLANG_WARN_DIRECT_OBJC_ISA_USAGE = YES_ERROR;
				CLANG_WARN_EMPTY_BODY = YES;
				CLANG_WARN_ENUM_CONVERSION = YES;
				CLANG_WARN_INT_CONVERSION = YES;
				CLANG_WARN_OBJC_ROOT_CLASS = YES_ERROR;
				CLANG_WARN_UNREACHABLE_CODE = YES;
				CLANG_WARN__DUPLICATE_METHOD_MATCH = YES;
				"CODE_SIGN_IDENTITY[sdk=iphoneos*]" = "iPhone Developer";
				COPY_PHASE_STRIP = NO;
				ENABLE_STRICT_OBJC_MSGSEND = YES;
				GCC_C_LANGUAGE_STANDARD = gnu99;
				GCC_DYNAMIC_NO_PIC = NO;
				GCC_OPTIMIZATION_LEVEL = 0;
				GCC_PREPROCESSOR_DEFINITIONS = (
					"DEBUG=1",
					"$(inherited)",
				);
				GCC_SYMBOLS_PRIVATE_EXTERN = NO;
				GCC_WARN_64_TO_32_BIT_CONVERSION = YES;
				GCC_WARN_ABOUT_RETURN_TYPE = YES_ERROR;
				GCC_WARN_UNDECLARED_SELECTOR = YES;
				GCC_WARN_UNINITIALIZED_AUTOS = YES_AGGRESSIVE;
				GCC_WARN_UNUSED_FUNCTION = YES;
				GCC_WARN_UNUSED_VARIABLE = YES;
				IPHONEOS_DEPLOYMENT_TARGET = 8.1;
				MTL_ENABLE_DEBUG_INFO = YES;
				ONLY_ACTIVE_ARCH = YES;
				SDKROOT = iphoneos;
			};
			name = Debug;
		};
		A25E94C21AA5ADCC008749A6 /* Release */ = {
			isa = XCBuildConfiguration;
			buildSettings = {
				ALWAYS_SEARCH_USER_PATHS = NO;
				CLANG_CXX_LANGUAGE_STANDARD = "gnu++0x";
				CLANG_CXX_LIBRARY = "libc++";
				CLANG_ENABLE_MODULES = YES;
				CLANG_ENABLE_OBJC_ARC = YES;
				CLANG_WARN_BOOL_CONVERSION = YES;
				CLANG_WARN_CONSTANT_CONVERSION = YES;
				CLANG_WARN_DIRECT_OBJC_ISA_USAGE = YES_ERROR;
				CLANG_WARN_EMPTY_BODY = YES;
				CLANG_WARN_ENUM_CONVERSION = YES;
				CLANG_WARN_INT_CONVERSION = YES;
				CLANG_WARN_OBJC_ROOT_CLASS = YES_ERROR;
				CLANG_WARN_UNREACHABLE_CODE = YES;
				CLANG_WARN__DUPLICATE_METHOD_MATCH = YES;
				"CODE_SIGN_IDENTITY[sdk=iphoneos*]" = "iPhone Developer";
				COPY_PHASE_STRIP = YES;
				ENABLE_NS_ASSERTIONS = NO;
				ENABLE_STRICT_OBJC_MSGSEND = YES;
				GCC_C_LANGUAGE_STANDARD = gnu99;
				GCC_WARN_64_TO_32_BIT_CONVERSION = YES;
				GCC_WARN_ABOUT_RETURN_TYPE = YES_ERROR;
				GCC_WARN_UNDECLARED_SELECTOR = YES;
				GCC_WARN_UNINITIALIZED_AUTOS = YES_AGGRESSIVE;
				GCC_WARN_UNUSED_FUNCTION = YES;
				GCC_WARN_UNUSED_VARIABLE = YES;
				IPHONEOS_DEPLOYMENT_TARGET = 8.1;
				MTL_ENABLE_DEBUG_INFO = NO;
				SDKROOT = iphoneos;
				VALIDATE_PRODUCT = YES;
			};
			name = Release;
		};
		A25E94C41AA5ADCC008749A6 /* Debug */ = {
			isa = XCBuildConfiguration;
			buildSettings = {
				ASSETCATALOG_COMPILER_APPICON_NAME = AppIcon;
				INFOPLIST_FILE = TelstraExercise/Info.plist;
				IPHONEOS_DEPLOYMENT_TARGET = 6.0;
				LD_RUNPATH_SEARCH_PATHS = "$(inherited) @executable_path/Frameworks";
				PRODUCT_NAME = "$(TARGET_NAME)";
			};
			name = Debug;
		};
		A25E94C51AA5ADCC008749A6 /* Release */ = {
			isa = XCBuildConfiguration;
			buildSettings = {
				ASSETCATALOG_COMPILER_APPICON_NAME = AppIcon;
				INFOPLIST_FILE = TelstraExercise/Info.plist;
				IPHONEOS_DEPLOYMENT_TARGET = 6.0;
				LD_RUNPATH_SEARCH_PATHS = "$(inherited) @executable_path/Frameworks";
				PRODUCT_NAME = "$(TARGET_NAME)";
			};
			name = Release;
		};
		A25E94C71AA5ADCC008749A6 /* Debug */ = {
			isa = XCBuildConfiguration;
			buildSettings = {
				BUNDLE_LOADER = "$(TEST_HOST)";
				FRAMEWORK_SEARCH_PATHS = (
					"$(SDKROOT)/Developer/Library/Frameworks",
					"$(inherited)",
				);
				GCC_PREPROCESSOR_DEFINITIONS = (
					"DEBUG=1",
					"$(inherited)",
				);
				INFOPLIST_FILE = TelstraExerciseTests/Info.plist;
				LD_RUNPATH_SEARCH_PATHS = "$(inherited) @executable_path/Frameworks @loader_path/Frameworks";
				PRODUCT_NAME = "$(TARGET_NAME)";
				TEST_HOST = "$(BUILT_PRODUCTS_DIR)/TelstraExercise.app/TelstraExercise";
			};
			name = Debug;
		};
		A25E94C81AA5ADCC008749A6 /* Release */ = {
			isa = XCBuildConfiguration;
			buildSettings = {
				BUNDLE_LOADER = "$(TEST_HOST)";
				FRAMEWORK_SEARCH_PATHS = (
					"$(SDKROOT)/Developer/Library/Frameworks",
					"$(inherited)",
				);
				INFOPLIST_FILE = TelstraExerciseTests/Info.plist;
				LD_RUNPATH_SEARCH_PATHS = "$(inherited) @executable_path/Frameworks @loader_path/Frameworks";
				PRODUCT_NAME = "$(TARGET_NAME)";
				TEST_HOST = "$(BUILT_PRODUCTS_DIR)/TelstraExercise.app/TelstraExercise";
			};
			name = Release;
		};
/* End XCBuildConfiguration section */

/* Begin XCConfigurationList section */
		A25E949B1AA5ADCC008749A6 /* Build configuration list for PBXProject "TelstraExercise" */ = {
			isa = XCConfigurationList;
			buildConfigurations = (
				A25E94C11AA5ADCC008749A6 /* Debug */,
				A25E94C21AA5ADCC008749A6 /* Release */,
			);
			defaultConfigurationIsVisible = 0;
			defaultConfigurationName = Release;
		};
		A25E94C31AA5ADCC008749A6 /* Build configuration list for PBXNativeTarget "TelstraExercise" */ = {
			isa = XCConfigurationList;
			buildConfigurations = (
				A25E94C41AA5ADCC008749A6 /* Debug */,
				A25E94C51AA5ADCC008749A6 /* Release */,
			);
			defaultConfigurationIsVisible = 0;
			defaultConfigurationName = Release;
		};
		A25E94C61AA5ADCC008749A6 /* Build configuration list for PBXNativeTarget "TelstraExerciseTests" */ = {
			isa = XCConfigurationList;
			buildConfigurations = (
				A25E94C71AA5ADCC008749A6 /* Debug */,
				A25E94C81AA5ADCC008749A6 /* Release */,
			);
			defaultConfigurationIsVisible = 0;
			defaultConfigurationName = Release;
		};
/* End XCConfigurationList section */
	};
	rootObject = A25E94981AA5ADCC008749A6 /* Project object */;
}
